
Microsoft Visual Studio Solution File, Format Version 12.00
# Visual Studio Version 16
VisualStudioVersion = 16.0.36128.20
MinimumVisualStudioVersion = 10.0.40219.1
Project("{888888A0-9F3D-457C-B088-3A5042F75D52}") = "Laba_3_1", "Laba_3_1\Laba_3_1.pyproj", "{0350EB5F-ADB5-4499-AAAA-B2D704A31A75}"
EndProject
Global
	GlobalSection(SolutionConfigurationPlatforms) = preSolution
		Debug|Any CPU = Debug|Any CPU
		Release|Any CPU = Release|Any CPU
	EndGlobalSection
	GlobalSection(ProjectConfigurationPlatforms) = postSolution
		{0350EB5F-ADB5-4499-AAAA-B2D704A31A75}.Debug|Any CPU.ActiveCfg = Debug|Any CPU
		{0350EB5F-ADB5-4499-AAAA-B2D704A31A75}.Release|Any CPU.ActiveCfg = Release|Any CPU
	EndGlobalSection
	GlobalSection(SolutionProperties) = preSolution
		HideSolutionNode = FALSE
	EndGlobalSection
	GlobalSection(ExtensibilityGlobals) = postSolution
		SolutionGuid = {7BD4C4D6-8696-4F68-80D4-97D8BE087C80}
	EndGlobalSection
EndGlobal
