
Microsoft Visual Studio Solution File, Format Version 12.00
# Visual Studio Version 16
VisualStudioVersion = 16.0.36128.20
MinimumVisualStudioVersion = 10.0.40219.1
Project("{888888A0-9F3D-457C-B088-3A5042F75D52}") = "Laba2_2_2", "Laba2_2_2\Laba2_2_2.pyproj", "{800BC60C-8751-4C22-A9AB-6B6E4BD3BED4}"
EndProject
Global
	GlobalSection(SolutionConfigurationPlatforms) = preSolution
		Debug|Any CPU = Debug|Any CPU
		Release|Any CPU = Release|Any CPU
	EndGlobalSection
	GlobalSection(ProjectConfigurationPlatforms) = postSolution
		{800BC60C-8751-4C22-A9AB-6B6E4BD3BED4}.Debug|Any CPU.ActiveCfg = Debug|Any CPU
		{800BC60C-8751-4C22-A9AB-6B6E4BD3BED4}.Release|Any CPU.ActiveCfg = Release|Any CPU
	EndGlobalSection
	GlobalSection(SolutionProperties) = preSolution
		HideSolutionNode = FALSE
	EndGlobalSection
	GlobalSection(ExtensibilityGlobals) = postSolution
		SolutionGuid = {0DE97B95-2B9D-42FE-A95A-AF37C021E73B}
	EndGlobalSection
EndGlobal
